
Microsoft Visual Studio Solution File, Format Version 12.00
# Visual Studio 2012
Project("{FAE04EC0-301F-11D3-BF4B-00C04F79EFBC}") = "InventonAplikacja", "InventonAplikacja\InventonAplikacja.csproj", "{FB7FF02E-91F8-41E6-A686-601CF00D4A3C}"
EndProject
Project("{FAE04EC0-301F-11D3-BF4B-00C04F79EFBC}") = "Inventon.DAL", "Inventon.DAL\Inventon.DAL.csproj", "{FE470ADC-3E90-44C9-9D3F-74E3CDFA5751}"
EndProject
Global
	GlobalSection(SolutionConfigurationPlatforms) = preSolution
		Debug|Any CPU = Debug|Any CPU
		Release|Any CPU = Release|Any CPU
	EndGlobalSection
	GlobalSection(ProjectConfigurationPlatforms) = postSolution
		{FB7FF02E-91F8-41E6-A686-601CF00D4A3C}.Debug|Any CPU.ActiveCfg = Debug|Any CPU
		{FB7FF02E-91F8-41E6-A686-601CF00D4A3C}.Debug|Any CPU.Build.0 = Debug|Any CPU
		{FB7FF02E-91F8-41E6-A686-601CF00D4A3C}.Release|Any CPU.ActiveCfg = Release|Any CPU
		{FB7FF02E-91F8-41E6-A686-601CF00D4A3C}.Release|Any CPU.Build.0 = Release|Any CPU
		{FE470ADC-3E90-44C9-9D3F-74E3CDFA5751}.Debug|Any CPU.ActiveCfg = Debug|Any CPU
		{FE470ADC-3E90-44C9-9D3F-74E3CDFA5751}.Debug|Any CPU.Build.0 = Debug|Any CPU
		{FE470ADC-3E90-44C9-9D3F-74E3CDFA5751}.Release|Any CPU.ActiveCfg = Release|Any CPU
		{FE470ADC-3E90-44C9-9D3F-74E3CDFA5751}.Release|Any CPU.Build.0 = Release|Any CPU
	EndGlobalSection
	GlobalSection(SolutionProperties) = preSolution
		HideSolutionNode = FALSE
	EndGlobalSection
EndGlobal
